{
  "name": "wc3-map-toolkit",
  "version": "1.0.0",
  "lockfileVersion": 3,
  "requires": true,
  "packages": {
    "": {
      "name": "wc3-map-toolkit",
      "version": "1.0.0",
      "license": "MIT",
      "dependencies": {
        "luaparse": "^0.3.1",
        "mdx-m3-viewer-th": "^5.13.4",
        "war3-model": "^4.0.1",
        "wc3maptranslator": "5.0.0"
      },
      "optionalDependencies": {
        "stormlib-node": "^1.3.6"
      }
    },
    "node_modules/chalk": {
      "version": "5.6.2",
      "resolved": "https://registry.npmjs.org/chalk/-/chalk-5.6.2.tgz",
      "integrity": "sha512-7NzBL0rN6fMUW+f7A6Io4h40qQlG+xGmtMxfbnH/K7TAtt8JQWVQK+6g0UXKMeVJoyV5EkkNsErQ8pVD3bLHbA==",
      "license": "MIT",
      "engines": {
        "node": "^12.17.0 || ^14.13 || >=16.0.0"
      },
      "funding": {
        "url": "https://github.com/chalk/chalk?sponsor=1"
      }
    },
    "node_modules/commander": {
      "version": "14.0.3",
      "resolved": "https://registry.npmjs.org/commander/-/commander-14.0.3.tgz",
      "integrity": "sha512-H+y0Jo/T1RZ9qPP4Eh1pkcQcLRglraJaSLoyOtHxu6AapkjWVCy2Sit1QQ4x3Dng8qDlSsZEet7g5Pq06MvTgw==",
      "license": "MIT",
      "engines": {
        "node": ">=20"
      }
    },
    "node_modules/fengari": {
      "version": "0.1.5",
      "resolved": "https://registry.npmjs.org/fengari/-/fengari-0.1.5.tgz",
      "integrity": "sha512-0DS4Nn4rV8qyFlQCpKK8brT61EUtswynrpfFTcgLErcilBIBskSMQ86fO2WVuybr14ywyKdRjv91FiRZwnEuvQ==",
      "license": "MIT",
      "dependencies": {
        "readline-sync": "^1.4.10",
        "sprintf-js": "^1.1.3",
        "tmp": "^0.2.5"
      }
    },
    "node_modules/file-saver": {
      "version": "2.0.5",
      "resolved": "https://registry.npmjs.org/file-saver/-/file-saver-2.0.5.tgz",
      "integrity": "sha512-P9bmyZ3h/PRG+Nzga+rbdI4OEpNDzAVyy74uVO9ATgzLK6VtAsYybF/+TOCvrc0MO793d6+42lLyZTw7/ArVzA==",
      "license": "MIT"
    },
    "node_modules/fs-extra": {
      "version": "11.3.6",
      "resolved": "https://registry.npmjs.org/fs-extra/-/fs-extra-11.3.6.tgz",
      "integrity": "sha512-w8ZNZr2mKIc7qeNaQ9AVPT1+iFaI+Avd4xudVOvdDJ8VytREi1Ft5Ih7hd9jjehod8vAM5GMsfQ/TpPf4EyoEA==",
      "license": "MIT",
      "optional": true,
      "dependencies": {
        "graceful-fs": "^4.2.0",
        "jsonfile": "^6.0.1",
        "universalify": "^2.0.0"
      },
      "engines": {
        "node": ">=14.14"
      }
    },
    "node_modules/gl-matrix": {
      "version": "3.3.0",
      "resolved": "https://registry.npmjs.org/gl-matrix/-/gl-matrix-3.3.0.tgz",
      "integrity": "sha512-COb7LDz+SXaHtl/h4LeaFcNdJdAQSDeVqjiIihSXNrkWObZLhDI4hIkZC11Aeqp7bcE72clzB0BnDXr2SmslRA==",
      "license": "MIT"
    },
    "node_modules/graceful-fs": {
      "version": "4.2.11",
      "resolved": "https://registry.npmjs.org/graceful-fs/-/graceful-fs-4.2.11.tgz",
      "integrity": "sha512-RbJ5/jmFcNNCcDV5o9eTnBLJ/HszWV0P73bc+Ff4nS/rJj+YaS6IGyiOL0VoBYX+l1Wrl3k63h/KrH+nhJ0XvQ==",
      "license": "ISC",
      "optional": true
    },
    "node_modules/ieee754": {
      "version": "1.2.1",
      "resolved": "https://registry.npmjs.org/ieee754/-/ieee754-1.2.1.tgz",
      "integrity": "sha512-dcyqhDvX1C46lXZcVqCpK+FtMRQVdIMN6/Df5js2zouUsqG7I6sFxitIC+7KYK29KdXOLHdu9zL4sFnoVQnqaA==",
      "funding": [
        {
          "type": "github",
          "url": "https://github.com/sponsors/feross"
        },
        {
          "type": "patreon",
          "url": "https://www.patreon.com/feross"
        },
        {
          "type": "consulting",
          "url": "https://feross.org/support"
        }
      ],
      "license": "BSD-3-Clause"
    },
    "node_modules/intn": {
      "version": "1.0.0",
      "resolved": "https://registry.npmjs.org/intn/-/intn-1.0.0.tgz",
      "integrity": "sha512-WgMxnQbXgOPWOiziVOhfw6TWy0EgplCszIzhZoRwGhegkZNTaG9LOJOGZ4+nkrEr+94Rsi+xRB7jFSFv6MBlBg==",
      "license": "Apache-2.0",
      "engines": {
        "node": ">=0.6"
      }
    },
    "node_modules/jsonfile": {
      "version": "6.2.1",
      "resolved": "https://registry.npmjs.org/jsonfile/-/jsonfile-6.2.1.tgz",
      "integrity": "sha512-zwOTdL3rFQ/lRdBnntKVOX6k5cKJwEc1HdilT71BWEu7J41gXIB2MRp+vxduPSwZJPWBxEzv4yH1wYLJGUHX4Q==",
      "license": "MIT",
      "optional": true,
      "dependencies": {
        "universalify": "^2.0.0"
      },
      "optionalDependencies": {
        "graceful-fs": "^4.1.6"
      }
    },
    "node_modules/luaparse": {
      "version": "0.3.1",
      "resolved": "https://registry.npmjs.org/luaparse/-/luaparse-0.3.1.tgz",
      "integrity": "sha512-b21h2bFEbtGXmVqguHogbyrMAA0wOHyp9u/rx+w6Yc9pW1t9YjhGUsp87lYcp7pFRqSWN/PhFkrdIqKEUzRjjQ==",
      "license": "MIT",
      "bin": {
        "luaparse": "bin/luaparse"
      }
    },
    "node_modules/mdx-m3-viewer-th": {
      "version": "5.13.4",
      "resolved": "https://registry.npmjs.org/mdx-m3-viewer-th/-/mdx-m3-viewer-th-5.13.4.tgz",
      "integrity": "sha512-5+9SZHq8Da4XiUsbiZtvy1LrQKMxQS+Ju2cwxoNdMoWurgGW8/xATbiE9lp9nY13xHTPM1Kdu0G7V353LUqZJA==",
      "license": "MIT",
      "dependencies": {
        "fengari": "^0.1.4",
        "file-saver": "^2.0.5",
        "gl-matrix": "3.3.0",
        "pako": "^2.0.3",
        "tga-js": "^1.1.1"
      }
    },
    "node_modules/node-addon-api": {
      "version": "6.1.0",
      "resolved": "https://registry.npmjs.org/node-addon-api/-/node-addon-api-6.1.0.tgz",
      "integrity": "sha512-+eawOlIgy680F0kBzPUNFhMZGtJ1YmqM6l4+Crf4IkImjYrO/mqPwRMh352g23uIaQKFItcQ64I7KMaJxHgAVA==",
      "license": "MIT",
      "optional": true
    },
    "node_modules/pako": {
      "version": "2.2.0",
      "resolved": "https://registry.npmjs.org/pako/-/pako-2.2.0.tgz",
      "integrity": "sha512-zJq6RP/5q+TO2OpFV3FHzlPnFjmkb7Nc99a5SNjJE+uu/PkpChs+NIZSSzbBoD+6kjiISXjfYdwj1ZRQ81dz/w==",
      "funding": [
        {
          "type": "github",
          "url": "https://github.com/sponsors/puzrin"
        },
        {
          "type": "github",
          "url": "https://github.com/sponsors/nodeca"
        }
      ],
      "license": "(MIT AND Zlib)"
    },
    "node_modules/readline-sync": {
      "version": "1.4.10",
      "resolved": "https://registry.npmjs.org/readline-sync/-/readline-sync-1.4.10.tgz",
      "integrity": "sha512-gNva8/6UAe8QYepIQH/jQ2qn91Qj0B9sYjMBBs3QOB8F2CXcKgLxQaJRP76sWVRQt+QU+8fAkCbCvjjMFu7Ycw==",
      "license": "MIT",
      "engines": {
        "node": ">= 0.8.0"
      }
    },
    "node_modules/round-to": {
      "version": "7.0.0",
      "resolved": "https://registry.npmjs.org/round-to/-/round-to-7.0.0.tgz",
      "integrity": "sha512-2J9phHeB0lAQYZkTGzAqFZ1MaXGsIOiatkHTkL+s9uer0Bd5iClTUovyeNsRY5NgXzGp74cRvHSUWjjGea+s5A==",
      "license": "MIT",
      "engines": {
        "node": "^12.20.0 || ^14.13.1 || >=16.0.0"
      },
      "funding": {
        "url": "https://github.com/sponsors/sindresorhus"
      }
    },
    "node_modules/sprintf-js": {
      "version": "1.1.3",
      "resolved": "https://registry.npmjs.org/sprintf-js/-/sprintf-js-1.1.3.tgz",
      "integrity": "sha512-Oo+0REFV59/rz3gfJNKQiBlwfHaSESl1pcGyABQsnnIfWOFt6JNj5gCog2U6MLZ//IGYD+nA8nI+mTShREReaA==",
      "license": "BSD-3-Clause"
    },
    "node_modules/stormlib-node": {
      "version": "1.3.6",
      "resolved": "https://registry.npmjs.org/stormlib-node/-/stormlib-node-1.3.6.tgz",
      "integrity": "sha512-LBLo1fzTRd+KOAZUmsWhKNHf8gOJ+YEiu7GTXNuXE5jWXk5abdFQOpOz1FYxW+fDXdnq9sD/t2XyQqA9SJiCJw==",
      "hasInstallScript": true,
      "license": "MIT",
      "optional": true,
      "dependencies": {
        "fs-extra": "^11.1.1",
        "node-addon-api": "^6.1.0",
        "typescript": "^5.1.3"
      }
    },
    "node_modules/tga-js": {
      "version": "1.1.1",
      "resolved": "https://registry.npmjs.org/tga-js/-/tga-js-1.1.1.tgz",
      "integrity": "sha512-2EcbDHfFCggAt0DLjUwZzKaQGaCmcQZBQrYscVnWjxzl+2Q1PFp1ABsO2UVevF1pTi2t9mmWkzPaQqUeJA+mhA==",
      "license": "MIT"
    },
    "node_modules/tmp": {
      "version": "0.2.7",
      "resolved": "https://registry.npmjs.org/tmp/-/tmp-0.2.7.tgz",
      "integrity": "sha512-e0votIpp4Uo2AJYSzVHV6xCcawuiez3DzqDAbrTc3YxBkplN6e+dM13ZeIcZnDg/QpSuU2zfZ3rzwY8ukEnaXw==",
      "license": "MIT",
      "engines": {
        "node": ">=14.14"
      }
    },
    "node_modules/typescript": {
      "version": "5.9.3",
      "resolved": "https://registry.npmjs.org/typescript/-/typescript-5.9.3.tgz",
      "integrity": "sha512-jl1vZzPDinLr9eUt3J/t7V6FgNEw9QjvBPdysz9KfQDD41fQrC2Y4vKQdiaUpFT4bXlb1RHhLpp8wtm6M5TgSw==",
      "license": "Apache-2.0",
      "optional": true,
      "bin": {
        "tsc": "bin/tsc",
        "tsserver": "bin/tsserver"
      },
      "engines": {
        "node": ">=14.17"
      }
    },
    "node_modules/universalify": {
      "version": "2.0.1",
      "resolved": "https://registry.npmjs.org/universalify/-/universalify-2.0.1.tgz",
      "integrity": "sha512-gptHNQghINnc/vTGIk0SOFGFNXw7JVrlRUtConJRlvaw6DuX0wO5Jeko9sWrMBhh+PsYAZ7oXAiOnf/UKogyiw==",
      "license": "MIT",
      "optional": true,
      "engines": {
        "node": ">= 10.0.0"
      }
    },
    "node_modules/war3-model": {
      "version": "4.0.1",
      "resolved": "https://registry.npmjs.org/war3-model/-/war3-model-4.0.1.tgz",
      "integrity": "sha512-1jzV2756ty16m9XO8bdXsPF4mxvMK/RGed8b9WZ3Slw76kYdrhty8OQ+UAykdIrhlqzEYwyON+pLbXI5a+yURg==",
      "license": "MIT",
      "dependencies": {
        "gl-matrix": "3.3.0"
      },
      "engines": {
        "node": ">=4.0.0"
      }
    },
    "node_modules/wc3maptranslator": {
      "version": "5.0.0",
      "resolved": "https://registry.npmjs.org/wc3maptranslator/-/wc3maptranslator-5.0.0.tgz",
      "integrity": "sha512-O8qx378HmkNwxPhaf7CI94vBaXVNlS3+9SqUNFlWJv871TmBqUUHQF6b7DvOd0BxRTSZZduDFoHZ2H+kuCwRSQ==",
      "license": "MIT",
      "dependencies": {
        "chalk": "^5.6.2",
        "commander": "^14.0.2",
        "ieee754": "^1.2.1",
        "intn": "^1.0.0",
        "round-to": "^7.0.0"
      },
      "bin": {
        "wc3maptranslator": "dist/src/cli.js"
      },
      "engines": {
        "node": ">=24",
        "npm": ">=11",
        "tsc": ">4"
      }
    }
  }
}
